
Microsoft Visual Studio Solution File, Format Version 12.00
# Visual Studio Version 16
VisualStudioVersion = 16.0.33214.272
MinimumVisualStudioVersion = 10.0.40219.1
Project("{FAE04EC0-301F-11D3-BF4B-00C04F79EFBC}") = "ADO.NET.WINDOWS", "ADO.NET.WINDOWS\ADO.NET.WINDOWS.csproj", "{7045D68C-F0C6-476F-A68B-0ABD9351BBC6}"
EndProject
Project("{FAE04EC0-301F-11D3-BF4B-00C04F79EFBC}") = "ADO.NETC", "ADO.NETC\ADO.NETC.csproj", "{0C050D6C-B303-4008-89AC-4883FA0086CD}"
EndProject
Project("{00D1A9C2-B5F0-4AF3-8072-F6C62B433612}") = "ADO.NET.DB", "ADO.NET.DB\ADO.NET.DB.sqlproj", "{4626D5FB-3479-4D8B-8EA9-46A5B4FB8ADE}"
EndProject
Project("{FAE04EC0-301F-11D3-BF4B-00C04F79EFBC}") = "AppConfiguration", "AppConfiguration\AppConfiguration.csproj", "{5D1E21BC-0B56-412F-A77B-DFF037701CA8}"
EndProject
Global
	GlobalSection(SolutionConfigurationPlatforms) = preSolution
		Debug|Any CPU = Debug|Any CPU
		Release|Any CPU = Release|Any CPU
	EndGlobalSection
	GlobalSection(ProjectConfigurationPlatforms) = postSolution
		{7045D68C-F0C6-476F-A68B-0ABD9351BBC6}.Debug|Any CPU.ActiveCfg = Debug|Any CPU
		{7045D68C-F0C6-476F-A68B-0ABD9351BBC6}.Debug|Any CPU.Build.0 = Debug|Any CPU
		{7045D68C-F0C6-476F-A68B-0ABD9351BBC6}.Release|Any CPU.ActiveCfg = Release|Any CPU
		{7045D68C-F0C6-476F-A68B-0ABD9351BBC6}.Release|Any CPU.Build.0 = Release|Any CPU
		{0C050D6C-B303-4008-89AC-4883FA0086CD}.Debug|Any CPU.ActiveCfg = Debug|Any CPU
		{0C050D6C-B303-4008-89AC-4883FA0086CD}.Debug|Any CPU.Build.0 = Debug|Any CPU
		{0C050D6C-B303-4008-89AC-4883FA0086CD}.Release|Any CPU.ActiveCfg = Release|Any CPU
		{0C050D6C-B303-4008-89AC-4883FA0086CD}.Release|Any CPU.Build.0 = Release|Any CPU
		{4626D5FB-3479-4D8B-8EA9-46A5B4FB8ADE}.Debug|Any CPU.ActiveCfg = Debug|Any CPU
		{4626D5FB-3479-4D8B-8EA9-46A5B4FB8ADE}.Debug|Any CPU.Build.0 = Debug|Any CPU
		{4626D5FB-3479-4D8B-8EA9-46A5B4FB8ADE}.Debug|Any CPU.Deploy.0 = Debug|Any CPU
		{4626D5FB-3479-4D8B-8EA9-46A5B4FB8ADE}.Release|Any CPU.ActiveCfg = Release|Any CPU
		{4626D5FB-3479-4D8B-8EA9-46A5B4FB8ADE}.Release|Any CPU.Build.0 = Release|Any CPU
		{4626D5FB-3479-4D8B-8EA9-46A5B4FB8ADE}.Release|Any CPU.Deploy.0 = Release|Any CPU
		{5D1E21BC-0B56-412F-A77B-DFF037701CA8}.Debug|Any CPU.ActiveCfg = Debug|Any CPU
		{5D1E21BC-0B56-412F-A77B-DFF037701CA8}.Debug|Any CPU.Build.0 = Debug|Any CPU
		{5D1E21BC-0B56-412F-A77B-DFF037701CA8}.Release|Any CPU.ActiveCfg = Release|Any CPU
		{5D1E21BC-0B56-412F-A77B-DFF037701CA8}.Release|Any CPU.Build.0 = Release|Any CPU
	EndGlobalSection
	GlobalSection(SolutionProperties) = preSolution
		HideSolutionNode = FALSE
	EndGlobalSection
	GlobalSection(ExtensibilityGlobals) = postSolution
		SolutionGuid = {E3F6FAF9-8868-4B3C-A094-587FCC558943}
	EndGlobalSection
EndGlobal
